
Microsoft Visual Studio Solution File, Format Version 12.00
# Visual Studio Version 16
VisualStudioVersion = 16.0.35026.282
MinimumVisualStudioVersion = 10.0.40219.1
Project("{FAE04EC0-301F-11D3-BF4B-00C04F79EFBC}") = "Brainwashing", "Brainwashing.csproj", "{34A2FDC0-60AF-4067-9153-C7C5FF0F743C}"
EndProject
Global
	GlobalSection(SolutionConfigurationPlatforms) = preSolution
		Debug|Any CPU = Debug|Any CPU
		Release|Any CPU = Release|Any CPU
	EndGlobalSection
	GlobalSection(ProjectConfigurationPlatforms) = postSolution
		{34A2FDC0-60AF-4067-9153-C7C5FF0F743C}.Debug|Any CPU.ActiveCfg = Debug|Any CPU
		{34A2FDC0-60AF-4067-9153-C7C5FF0F743C}.Debug|Any CPU.Build.0 = Debug|Any CPU
		{34A2FDC0-60AF-4067-9153-C7C5FF0F743C}.Release|Any CPU.ActiveCfg = Release|Any CPU
		{34A2FDC0-60AF-4067-9153-C7C5FF0F743C}.Release|Any CPU.Build.0 = Release|Any CPU
	EndGlobalSection
	GlobalSection(SolutionProperties) = preSolution
		HideSolutionNode = FALSE
	EndGlobalSection
	GlobalSection(ExtensibilityGlobals) = postSolution
		SolutionGuid = {670FE766-B048-456F-9D8E-F010BEE8A55C}
	EndGlobalSection
EndGlobal
